
Microsoft Visual Studio Solution File, Format Version 12.00
# Visual Studio Version 16
VisualStudioVersion = 16.0.31105.61
MinimumVisualStudioVersion = 10.0.40219.1
Project("{FAE04EC0-301F-11D3-BF4B-00C04F79EFBC}") = "EpplusPractice01", "EpplusPractice01\EpplusPractice01.csproj", "{3C411D85-8C33-4E5F-AF7C-A2D5EC0B7FAA}"
EndProject
Global
	GlobalSection(SolutionConfigurationPlatforms) = preSolution
		Debug|Any CPU = Debug|Any CPU
		Release|Any CPU = Release|Any CPU
	EndGlobalSection
	GlobalSection(ProjectConfigurationPlatforms) = postSolution
		{3C411D85-8C33-4E5F-AF7C-A2D5EC0B7FAA}.Debug|Any CPU.ActiveCfg = Debug|Any CPU
		{3C411D85-8C33-4E5F-AF7C-A2D5EC0B7FAA}.Debug|Any CPU.Build.0 = Debug|Any CPU
		{3C411D85-8C33-4E5F-AF7C-A2D5EC0B7FAA}.Release|Any CPU.ActiveCfg = Release|Any CPU
		{3C411D85-8C33-4E5F-AF7C-A2D5EC0B7FAA}.Release|Any CPU.Build.0 = Release|Any CPU
	EndGlobalSection
	GlobalSection(SolutionProperties) = preSolution
		HideSolutionNode = FALSE
	EndGlobalSection
	GlobalSection(ExtensibilityGlobals) = postSolution
		SolutionGuid = {7D6F7792-A21E-479F-873A-12310719C477}
	EndGlobalSection
EndGlobal
